
Microsoft Visual Studio Solution File, Format Version 12.00
# Visual Studio 14
VisualStudioVersion = 14.0.25420.1
MinimumVisualStudioVersion = 10.0.40219.1
Project("{FAE04EC0-301F-11D3-BF4B-00C04F79EFBC}") = "MultipleTimeZonesSample", "MultipleTimeZonesSample\MultipleTimeZonesSample.csproj", "{5B5DFDA8-CE26-4181-ABDF-DC0211D9A98E}"
EndProject
Project("{FAE04EC0-301F-11D3-BF4B-00C04F79EFBC}") = "MultipleTimeZonesSample.Console", "MultipleTimeZonesSample.Console\MultipleTimeZonesSample.Console.csproj", "{38285687-C17D-421F-8F0C-EEF43E54FF74}"
EndProject
Global
	GlobalSection(SolutionConfigurationPlatforms) = preSolution
		Debug|Any CPU = Debug|Any CPU
		Release|Any CPU = Release|Any CPU
	EndGlobalSection
	GlobalSection(ProjectConfigurationPlatforms) = postSolution
		{5B5DFDA8-CE26-4181-ABDF-DC0211D9A98E}.Debug|Any CPU.ActiveCfg = Debug|Any CPU
		{5B5DFDA8-CE26-4181-ABDF-DC0211D9A98E}.Debug|Any CPU.Build.0 = Debug|Any CPU
		{5B5DFDA8-CE26-4181-ABDF-DC0211D9A98E}.Release|Any CPU.ActiveCfg = Release|Any CPU
		{5B5DFDA8-CE26-4181-ABDF-DC0211D9A98E}.Release|Any CPU.Build.0 = Release|Any CPU
		{38285687-C17D-421F-8F0C-EEF43E54FF74}.Debug|Any CPU.ActiveCfg = Debug|Any CPU
		{38285687-C17D-421F-8F0C-EEF43E54FF74}.Debug|Any CPU.Build.0 = Debug|Any CPU
		{38285687-C17D-421F-8F0C-EEF43E54FF74}.Release|Any CPU.ActiveCfg = Release|Any CPU
		{38285687-C17D-421F-8F0C-EEF43E54FF74}.Release|Any CPU.Build.0 = Release|Any CPU
	EndGlobalSection
	GlobalSection(SolutionProperties) = preSolution
		HideSolutionNode = FALSE
	EndGlobalSection
EndGlobal
